lockfileVersion: 5.3

specifiers:
  '@types/node': ^18.15.10
  '@types/react-dom': ^18.0.11
  eventsource-parser: ^1.0.0
  next: ^13.2.4
  react: ^18.2.0
  react-dom: ^18.2.0
  rsuite: ^5.29.0
  typescript: ^5.0.2

dependencies:
  '@types/node': 18.15.10
  '@types/react-dom': 18.0.11
  eventsource-parser: 1.0.0
  next: 13.2.4_react-dom@18.2.0+react@18.2.0
  react: 18.2.0
  react-dom: 18.2.0_react@18.2.0
  rsuite: 5.29.0_react-dom@18.2.0+react@18.2.0
  typescript: 5.0.2

packages:

  /@babel/runtime/7.21.0:
    resolution: {integrity: sha512-xwII0//EObnq89Ji5AKYQaRYiW/nZ3llSv29d49IuxPhKbtJoLP+9QUUZ4nVragQVtaVGeZrpB+ZtG/Pdy/POw==}
    engines: {node: '>=6.9.0'}
    dependencies:
      regenerator-runtime: 0.13.11
    dev: false

  /@juggle/resize-observer/3.4.0:
    resolution: {integrity: sha512-dfLbk+PwWvFzSxwk3n5ySL0hfBog779o8h68wK/7/APo/7cgyWp5jcXockbxdk5kFRkbeXWm4Fbi9FrdN381sA==}
    dev: false

  /@next/env/13.2.4:
    resolution: {integrity: sha512-+Mq3TtpkeeKFZanPturjcXt+KHfKYnLlX6jMLyCrmpq6OOs4i1GqBOAauSkii9QeKCMTYzGppar21JU57b/GEA==}
    dev: false

  /@next/swc-android-arm-eabi/13.2.4:
    resolution: {integrity: sha512-DWlalTSkLjDU11MY11jg17O1gGQzpRccM9Oes2yTqj2DpHndajrXHGxj9HGtJ+idq2k7ImUdJVWS2h2l/EDJOw==}
    engines: {node: '>= 10'}
    cpu: [arm]
    os: [android]
    dev: false
    optional: true

  /@next/swc-android-arm64/13.2.4:
    resolution: {integrity: sha512-sRavmUImUCf332Gy+PjIfLkMhiRX1Ez4SI+3vFDRs1N5eXp+uNzjFUK/oLMMOzk6KFSkbiK/3Wt8+dHQR/flNg==}
    engines: {node: '>= 10'}
    cpu: [arm64]
    os: [android]
    dev: false
    optional: true

  /@next/swc-darwin-arm64/13.2.4:
    resolution: {integrity: sha512-S6vBl+OrInP47TM3LlYx65betocKUUlTZDDKzTiRDbsRESeyIkBtZ6Qi5uT2zQs4imqllJznVjFd1bXLx3Aa6A==}
    engines: {node: '>= 10'}
    cpu: [arm64]
    os: [darwin]
    dev: false
    optional: true

  /@next/swc-darwin-x64/13.2.4:
    resolution: {integrity: sha512-a6LBuoYGcFOPGd4o8TPo7wmv5FnMr+Prz+vYHopEDuhDoMSHOnC+v+Ab4D7F0NMZkvQjEJQdJS3rqgFhlZmKlw==}
    engines: {node: '>= 10'}
    cpu: [x64]
    os: [darwin]
    dev: false
    optional: true

  /@next/swc-freebsd-x64/13.2.4:
    resolution: {integrity: sha512-kkbzKVZGPaXRBPisoAQkh3xh22r+TD+5HwoC5bOkALraJ0dsOQgSMAvzMXKsN3tMzJUPS0tjtRf1cTzrQ0I5vQ==}
    engines: {node: '>= 10'}
    cpu: [x64]
    os: [freebsd]
    dev: false
    optional: true

  /@next/swc-linux-arm-gnueabihf/13.2.4:
    resolution: {integrity: sha512-7qA1++UY0fjprqtjBZaOA6cas/7GekpjVsZn/0uHvquuITFCdKGFCsKNBx3S0Rpxmx6WYo0GcmhNRM9ru08BGg==}
    engines: {node: '>= 10'}
    cpu: [arm]
    os: [linux]
    dev: false
    optional: true

  /@next/swc-linux-arm64-gnu/13.2.4:
    resolution: {integrity: sha512-xzYZdAeq883MwXgcwc72hqo/F/dwUxCukpDOkx/j1HTq/J0wJthMGjinN9wH5bPR98Mfeh1MZJ91WWPnZOedOg==}
    engines: {node: '>= 10'}
    cpu: [arm64]
    os: [linux]
    dev: false
    optional: true

  /@next/swc-linux-arm64-musl/13.2.4:
    resolution: {integrity: sha512-8rXr3WfmqSiYkb71qzuDP6I6R2T2tpkmf83elDN8z783N9nvTJf2E7eLx86wu2OJCi4T05nuxCsh4IOU3LQ5xw==}
    engines: {node: '>= 10'}
    cpu: [arm64]
    os: [linux]
    dev: false
    optional: true

  /@next/swc-linux-x64-gnu/13.2.4:
    resolution: {integrity: sha512-Ngxh51zGSlYJ4EfpKG4LI6WfquulNdtmHg1yuOYlaAr33KyPJp4HeN/tivBnAHcZkoNy0hh/SbwDyCnz5PFJQQ==}
    engines: {node: '>= 10'}
    cpu: [x64]
    os: [linux]
    dev: false
    optional: true

  /@next/swc-linux-x64-musl/13.2.4:
    resolution: {integrity: sha512-gOvwIYoSxd+j14LOcvJr+ekd9fwYT1RyMAHOp7znA10+l40wkFiMONPLWiZuHxfRk+Dy7YdNdDh3ImumvL6VwA==}
    engines: {node: '>= 10'}
    cpu: [x64]
    os: [linux]
    dev: false
    optional: true

  /@next/swc-win32-arm64-msvc/13.2.4:
    resolution: {integrity: sha512-q3NJzcfClgBm4HvdcnoEncmztxrA5GXqKeiZ/hADvC56pwNALt3ngDC6t6qr1YW9V/EPDxCYeaX4zYxHciW4Dw==}
    engines: {node: '>= 10'}
    cpu: [arm64]
    os: [win32]
    dev: false
    optional: true

  /@next/swc-win32-ia32-msvc/13.2.4:
    resolution: {integrity: sha512-/eZ5ncmHUYtD2fc6EUmAIZlAJnVT2YmxDsKs1Ourx0ttTtvtma/WKlMV5NoUsyOez0f9ExLyOpeCoz5aj+MPXw==}
    engines: {node: '>= 10'}
    cpu: [ia32]
    os: [win32]
    dev: false
    optional: true

  /@next/swc-win32-x64-msvc/13.2.4:
    resolution: {integrity: sha512-0MffFmyv7tBLlji01qc0IaPP/LVExzvj7/R5x1Jph1bTAIj4Vu81yFQWHHQAP6r4ff9Ukj1mBK6MDNVXm7Tcvw==}
    engines: {node: '>= 10'}
    cpu: [x64]
    os: [win32]
    dev: false
    optional: true

  /@rsuite/icon-font/4.0.0:
    resolution: {integrity: sha512-rZTgpTH3H3HLczCA2rnkWfoMKm0ZXoRzsrkVujfP/FfslnKUMvO6w56pa8pCvhWGpNEPUsLS2ULnFGpTEcup/Q==}
    dev: false

  /@rsuite/icons/1.0.2_react-dom@18.2.0+react@18.2.0:
    resolution: {integrity: sha512-Y7vJNDQpJnFlyYSUXQ2iQ9Meg7+ZKcrIenhpYDdM3c7vYDE/L7pml+hrK28jk6QfV/QkVv5B504D+l7aM6AAJQ==}
    peerDependencies:
      react: '>=16.8.0'
      react-dom: '>=16.8.0'
    dependencies:
      '@rsuite/icon-font': 4.0.0
      classnames: 2.3.2
      insert-css: 2.0.0
      lodash: 4.17.21
      react: 18.2.0
      react-dom: 18.2.0_react@18.2.0
    dev: false

  /@swc/helpers/0.4.14:
    resolution: {integrity: sha512-4C7nX/dvpzB7za4Ql9K81xK3HPxCpHMgwTZVyf+9JQ6VUbn9jjZVN7/Nkdz/Ugzs2CSjqnL/UPXroiVBVHUWUw==}
    dependencies:
      tslib: 2.5.0
    dev: false

  /@types/chai/4.3.4:
    resolution: {integrity: sha512-KnRanxnpfpjUTqTCXslZSEdLfXExwgNxYPdiO2WGUj8+HDjFi8R3k5RVKPeSCzLjCcshCAtVO2QBbVuAV4kTnw==}
    dev: false

  /@types/lodash/4.14.191:
    resolution: {integrity: sha512-BdZ5BCCvho3EIXw6wUCXHe7rS53AIDPLE+JzwgT+OsJk53oBfbSmZZ7CX4VaRoN78N+TJpFi9QPlfIVNmJYWxQ==}
    dev: false

  /@types/node/18.15.10:
    resolution: {integrity: sha512-9avDaQJczATcXgfmMAW3MIWArOO7A+m90vuCFLr8AotWf8igO/mRoYukrk2cqZVtv38tHs33retzHEilM7FpeQ==}
    dev: false

  /@types/prop-types/15.7.5:
    resolution: {integrity: sha512-JCB8C6SnDoQf0cNycqd/35A7MjcnK+ZTqE7judS6o7utxUCg6imJg3QK2qzHKszlTjcj2cn+NwMB2i96ubpj7w==}
    dev: false

  /@types/react-dom/18.0.11:
    resolution: {integrity: sha512-O38bPbI2CWtgw/OoQoY+BRelw7uysmXbWvw3nLWO21H1HSh+GOlqPuXshJfjmpNlKiiSDG9cc1JZAaMmVdcTlw==}
    dependencies:
      '@types/react': 18.0.29
    dev: false

  /@types/react-window/1.8.5:
    resolution: {integrity: sha512-V9q3CvhC9Jk9bWBOysPGaWy/Z0lxYcTXLtLipkt2cnRj1JOSFNF7wqGpkScSXMgBwC+fnVRg/7shwgddBG5ICw==}
    dependencies:
      '@types/react': 18.0.29
    dev: false

  /@types/react/18.0.29:
    resolution: {integrity: sha512-wXHktgUABxplw1+UnljseDq4+uztQyp2tlWZRIxHlpchsCFqiYkvaDS8JR7eKOQm8wziTH/el5qL7D6gYNkYcw==}
    dependencies:
      '@types/prop-types': 15.7.5
      '@types/scheduler': 0.16.3
      csstype: 3.1.1
    dev: false

  /@types/scheduler/0.16.3:
    resolution: {integrity: sha512-5cJ8CB4yAx7BH1oMvdU0Jh9lrEXyPkar6F9G/ERswkCuvP4KQZfZkSjcMbAICCpQTN4OuZn8tz0HiKv9TGZgrQ==}
    dev: false

  /caniuse-lite/1.0.30001470:
    resolution: {integrity: sha512-065uNwY6QtHCBOExzbV6m236DDhYCCtPmQUCoQtwkVqzud8v5QPidoMr6CoMkC2nfp6nksjttqWQRRh75LqUmA==}
    dev: false

  /classnames/2.3.2:
    resolution: {integrity: sha512-CSbhY4cFEJRe6/GQzIk5qXZ4Jeg5pcsP7b5peFSDpffpe1cqjASH/n9UTjBwOp6XpMSTwQ8Za2K5V02ueA7Tmw==}
    dev: false

  /client-only/0.0.1:
    resolution: {integrity: sha512-IV3Ou0jSMzZrd3pZ48nLkT9DA7Ag1pnPzaiQhpW7c3RbcqqzvzzVu+L8gfqMp/8IM2MQtSiqaCxrrcfu8I8rMA==}
    dev: false

  /csstype/3.1.1:
    resolution: {integrity: sha512-DJR/VvkAvSZW9bTouZue2sSxDwdTN92uHjqeKVm+0dAqdfNykRzQ95tay8aXMBAAPpUiq4Qcug2L7neoRh2Egw==}
    dev: false

  /date-fns/2.29.3:
    resolution: {integrity: sha512-dDCnyH2WnnKusqvZZ6+jA1O51Ibt8ZMRNkDZdyAyK4YfbDwa/cEmuztzG5pk6hqlp9aSBPYcjOlktquahGwGeA==}
    engines: {node: '>=0.11'}
    dev: false

  /dom-lib/3.1.6:
    resolution: {integrity: sha512-xXEhStHDoAyfhnz8mqDwZ9rnqdqz/9BcrKd1UEw6BlA/l17emFb2dK7q8IX8ArU31pScSU9otEnL6wzvpoT5aw==}
    dependencies:
      '@babel/runtime': 7.21.0
    dev: false

  /eventsource-parser/1.0.0:
    resolution: {integrity: sha512-9jgfSCa3dmEme2ES3mPByGXfgZ87VbP97tng1G2nWwWx6bV2nYxm2AWCrbQjXToSe+yYlqaZNtxffR9IeQr95g==}
    engines: {node: '>=14.18'}
    dev: false

  /insert-css/2.0.0:
    resolution: {integrity: sha512-xGq5ISgcUP5cvGkS2MMFLtPDBtrtQPSFfC6gA6U8wHKqfjTIMZLZNxOItQnoSjdOzlXOLU/yD32RKC4SvjNbtA==}
    dev: false

  /js-tokens/4.0.0:
    resolution: {integrity: sha512-RdJUflcE3cUzKiMqQgsCu06FPu9UdIJO0beYbPhHN4k6apgJtifcoCtT9bcxOpYBtpD2kCM6Sbzg4CausW/PKQ==}
    dev: false

  /lodash/4.17.21:
    resolution: {integrity: sha512-v2kDEe57lecTulaDIuNTPy3Ry4gLGJ6Z1O3vE1krgXZNrsQ+LFTGHVxVjcXPs17LhbZVGedAJv8XZ1tvj5FvSg==}
    dev: false

  /loose-envify/1.4.0:
    resolution: {integrity: sha512-lyuxPGr/Wfhrlem2CL/UcnUc1zcqKAImBDzukY7Y5F/yQiNdko6+fRLevlw1HgMySw7f611UIY408EtxRSoK3Q==}
    hasBin: true
    dependencies:
      js-tokens: 4.0.0
    dev: false

  /memoize-one/5.2.1:
    resolution: {integrity: sha512-zYiwtZUcYyXKo/np96AGZAckk+FWWsUdJ3cHGGmld7+AhvcWmQyGCYUh1hc4Q/pkOhb65dQR/pqCyK0cOaHz4Q==}
    dev: false

  /nanoid/3.3.6:
    resolution: {integrity: sha512-BGcqMMJuToF7i1rt+2PWSNVnWIkGCU78jBG3RxO/bZlnZPK2Cmi2QaffxGO/2RvWi9sL+FAiRiXMgsyxQ1DIDA==}
    engines: {node: ^10 || ^12 || ^13.7 || ^14 || >=15.0.1}
    hasBin: true
    dev: false

  /next/13.2.4_react-dom@18.2.0+react@18.2.0:
    resolution: {integrity: sha512-g1I30317cThkEpvzfXujf0O4wtaQHtDCLhlivwlTJ885Ld+eOgcz7r3TGQzeU+cSRoNHtD8tsJgzxVdYojFssw==}
    engines: {node: '>=14.6.0'}
    hasBin: true
    peerDependencies:
      '@opentelemetry/api': ^1.4.0
      fibers: '>= 3.1.0'
      node-sass: ^6.0.0 || ^7.0.0
      react: ^18.2.0
      react-dom: ^18.2.0
      sass: ^1.3.0
    peerDependenciesMeta:
      '@opentelemetry/api':
        optional: true
      fibers:
        optional: true
      node-sass:
        optional: true
      sass:
        optional: true
    dependencies:
      '@next/env': 13.2.4
      '@swc/helpers': 0.4.14
      caniuse-lite: 1.0.30001470
      postcss: 8.4.14
      react: 18.2.0
      react-dom: 18.2.0_react@18.2.0
      styled-jsx: 5.1.1_react@18.2.0
    optionalDependencies:
      '@next/swc-android-arm-eabi': 13.2.4
      '@next/swc-android-arm64': 13.2.4
      '@next/swc-darwin-arm64': 13.2.4
      '@next/swc-darwin-x64': 13.2.4
      '@next/swc-freebsd-x64': 13.2.4
      '@next/swc-linux-arm-gnueabihf': 13.2.4
      '@next/swc-linux-arm64-gnu': 13.2.4
      '@next/swc-linux-arm64-musl': 13.2.4
      '@next/swc-linux-x64-gnu': 13.2.4
      '@next/swc-linux-x64-musl': 13.2.4
      '@next/swc-win32-arm64-msvc': 13.2.4
      '@next/swc-win32-ia32-msvc': 13.2.4
      '@next/swc-win32-x64-msvc': 13.2.4
    transitivePeerDependencies:
      - '@babel/core'
      - babel-plugin-macros
    dev: false

  /object-assign/4.1.1:
    resolution: {integrity: sha512-rJgTQnkUnH1sFw8yT6VSU3zD3sWmu6sZhIseY8VX+GRu3P6F7Fu+JNDoXfklElbLJSnc3FUQHVe4cU5hj+BcUg==}
    engines: {node: '>=0.10.0'}
    dev: false

  /picocolors/1.0.0:
    resolution: {integrity: sha512-1fygroTLlHu66zi26VoTDv8yRgm0Fccecssto+MhsZ0D/DGW2sm8E8AjW7NU5VVTRt5GxbeZ5qBuJr+HyLYkjQ==}
    dev: false

  /postcss/8.4.14:
    resolution: {integrity: sha512-E398TUmfAYFPBSdzgeieK2Y1+1cpdxJx8yXbK/m57nRhKSmk1GB2tO4lbLBtlkfPQTDKfe4Xqv1ASWPpayPEig==}
    engines: {node: ^10 || ^12 || >=14}
    dependencies:
      nanoid: 3.3.6
      picocolors: 1.0.0
      source-map-js: 1.0.2
    dev: false

  /prop-types/15.8.1:
    resolution: {integrity: sha512-oj87CgZICdulUohogVAR7AjlC0327U4el4L6eAvOqCeudMDVU0NThNaV+b9Df4dXgSP1gXMTnPdhfe/2qDH5cg==}
    dependencies:
      loose-envify: 1.4.0
      object-assign: 4.1.1
      react-is: 16.13.1
    dev: false

  /react-dom/18.2.0_react@18.2.0:
    resolution: {integrity: sha512-6IMTriUmvsjHUjNtEDudZfuDQUoWXVxKHhlEGSk81n4YFS+r/Kl99wXiwlVXtPBtJenozv2P+hxDsw9eA7Xo6g==}
    peerDependencies:
      react: ^18.2.0
    dependencies:
      loose-envify: 1.4.0
      react: 18.2.0
      scheduler: 0.23.0
    dev: false

  /react-is/16.13.1:
    resolution: {integrity: sha512-24e6ynE2H+OKt4kqsOvNd8kBpV65zoxbA4BVsEOB3ARVWQki/DHzaUoC5KuON/BiccDaCCTZBuOcfZs70kR8bQ==}
    dev: false

  /react-is/17.0.2:
    resolution: {integrity: sha512-w2GsyukL62IJnlaff/nRegPQR94C/XXamvMWmSHRJ4y7Ts/4ocGRmTHvOs8PSE6pB3dWOrD/nueuU5sduBsQ4w==}
    dev: false

  /react-window/1.8.8_react-dom@18.2.0+react@18.2.0:
    resolution: {integrity: sha512-D4IiBeRtGXziZ1n0XklnFGu7h9gU684zepqyKzgPNzrsrk7xOCxni+TCckjg2Nr/DiaEEGVVmnhYSlT2rB47dQ==}
    engines: {node: '>8.0.0'}
    peerDependencies:
      react: ^15.0.0 || ^16.0.0 || ^17.0.0 || ^18.0.0
      react-dom: ^15.0.0 || ^16.0.0 || ^17.0.0 || ^18.0.0
    dependencies:
      '@babel/runtime': 7.21.0
      memoize-one: 5.2.1
      react: 18.2.0
      react-dom: 18.2.0_react@18.2.0
    dev: false

  /react/18.2.0:
    resolution: {integrity: sha512-/3IjMdb2L9QbBdWiW5e3P2/npwMBaU9mHCSCUzNln0ZCYbcfTsGbTJrU/kGemdH2IWmB2ioZ+zkxtmq6g09fGQ==}
    engines: {node: '>=0.10.0'}
    dependencies:
      loose-envify: 1.4.0
    dev: false

  /regenerator-runtime/0.13.11:
    resolution: {integrity: sha512-kY1AZVr2Ra+t+piVaJ4gxaFaReZVH40AKNo7UCX6W+dEwBo/2oZJzqfuN1qLq1oL45o56cPaTXELwrTh8Fpggg==}
    dev: false

  /rsuite-table/5.10.2_ae99d26bf538c96cd8f1c5ec503a2210:
    resolution: {integrity: sha512-NHpN3+Ke2v3cfjvURCnPPLapBktZEs9Kmj+trjpSF8BfmFl7cGuAHfehRl+IhBbdKiTbd5ZnLBog/255WimXdA==}
    peerDependencies:
      prop-types: ^15.7.2
      react: '>=16.8.0'
      react-dom: '>=16.8.0'
    dependencies:
      '@babel/runtime': 7.21.0
      '@juggle/resize-observer': 3.4.0
      '@rsuite/icons': 1.0.2_react-dom@18.2.0+react@18.2.0
      classnames: 2.3.2
      dom-lib: 3.1.6
      lodash: 4.17.21
      prop-types: 15.8.1
      react: 18.2.0
      react-dom: 18.2.0_react@18.2.0
      react-is: 17.0.2
    dev: false

  /rsuite/5.29.0_react-dom@18.2.0+react@18.2.0:
    resolution: {integrity: sha512-OEOFx0E/d9wuDWZwmf/clQ9MakFvURhv5nV+2QiIlGLpWsbePXPlux+dBRvZs8dbuSSm3u0IGl9Ztvp7RGbyZw==}
    peerDependencies:
      react: '>=16.8.0'
      react-dom: '>=16.8.0'
    dependencies:
      '@babel/runtime': 7.21.0
      '@juggle/resize-observer': 3.4.0
      '@rsuite/icons': 1.0.2_react-dom@18.2.0+react@18.2.0
      '@types/chai': 4.3.4
      '@types/lodash': 4.14.191
      '@types/prop-types': 15.7.5
      '@types/react-window': 1.8.5
      classnames: 2.3.2
      date-fns: 2.29.3
      dom-lib: 3.1.6
      lodash: 4.17.21
      prop-types: 15.8.1
      react: 18.2.0
      react-dom: 18.2.0_react@18.2.0
      react-window: 1.8.8_react-dom@18.2.0+react@18.2.0
      rsuite-table: 5.10.2_ae99d26bf538c96cd8f1c5ec503a2210
      schema-typed: 2.1.2
    dev: false

  /scheduler/0.23.0:
    resolution: {integrity: sha512-CtuThmgHNg7zIZWAXi3AsyIzA3n4xx7aNyjwC2VJldO2LMVDhFK+63xGqq6CsJH4rTAt6/M+N4GhZiDYPx9eUw==}
    dependencies:
      loose-envify: 1.4.0
    dev: false

  /schema-typed/2.1.2:
    resolution: {integrity: sha512-5BCduF1qt9ch2kEqc3/4Jj0mZfUzh+E8iIto5AViOwgReCho2yiT1LlQJ/5KQ1MTkthD8EDokLA/BlhbYow7Bw==}
    dev: false

  /source-map-js/1.0.2:
    resolution: {integrity: sha512-R0XvVJ9WusLiqTCEiGCmICCMplcCkIwwR11mOSD9CR5u+IXYdiseeEuXCVAjS54zqwkLcPNnmU4OeJ6tUrWhDw==}
    engines: {node: '>=0.10.0'}
    dev: false

  /styled-jsx/5.1.1_react@18.2.0:
    resolution: {integrity: sha512-pW7uC1l4mBZ8ugbiZrcIsiIvVx1UmTfw7UkC3Um2tmfUq9Bhk8IiyEIPl6F8agHgjzku6j0xQEZbfA5uSgSaCw==}
    engines: {node: '>= 12.0.0'}
    peerDependencies:
      '@babel/core': '*'
      babel-plugin-macros: '*'
      react: '>= 16.8.0 || 17.x.x || ^18.0.0-0'
    peerDependenciesMeta:
      '@babel/core':
        optional: true
      babel-plugin-macros:
        optional: true
    dependencies:
      client-only: 0.0.1
      react: 18.2.0
    dev: false

  /tslib/2.5.0:
    resolution: {integrity: sha512-336iVw3rtn2BUK7ORdIAHTyxHGRIHVReokCR3XjbckJMK7ms8FysBfhLR8IXnAgy7T0PTPNBWKiH514FOW/WSg==}
    dev: false

  /typescript/5.0.2:
    resolution: {integrity: sha512-wVORMBGO/FAs/++blGNeAVdbNKtIh1rbBL2EyQ1+J9lClJ93KiiKe8PmFIVdXhHcyv44SL9oglmfeSsndo0jRw==}
    engines: {node: '>=12.20'}
    hasBin: true
    dev: false
